
Microsoft Visual Studio Solution File, Format Version 10.00
# Visual Studio 2008
Project("{8BC9CEB8-8B4A-11D0-8D11-00A0C91BC942}") = "qtglviewer2d", "qtglviewer2d.vcproj", "{9A715453-03DB-3946-BAF1-267D679DBF33}"
EndProject
Global
	GlobalSection(SolutionConfigurationPlatforms) = preSolution
		Debug|Win32 = Debug|Win32
		Release|Win32 = Release|Win32
	EndGlobalSection
	GlobalSection(ProjectConfigurationPlatforms) = postSolution
		{9A715453-03DB-3946-BAF1-267D679DBF33}.Debug|Win32.ActiveCfg = Debug|Win32
		{9A715453-03DB-3946-BAF1-267D679DBF33}.Debug|Win32.Build.0 = Debug|Win32
		{9A715453-03DB-3946-BAF1-267D679DBF33}.Release|Win32.ActiveCfg = Release|Win32
		{9A715453-03DB-3946-BAF1-267D679DBF33}.Release|Win32.Build.0 = Release|Win32
	EndGlobalSection
	GlobalSection(SolutionProperties) = preSolution
		HideSolutionNode = FALSE
	EndGlobalSection
EndGlobal
